
Microsoft Visual Studio Solution File, Format Version 12.00
# Visual Studio Version 17
VisualStudioVersion = 17.0.31912.275
MinimumVisualStudioVersion = 10.0.40219.1
Project("{FAE04EC0-301F-11D3-BF4B-00C04F79EFBC}") = "Tic Tac Toe Game", "Tic Tac Toe Game.csproj", "{49C0AE24-34C3-40FB-B5DC-F6AB48B38167}"
EndProject
Global
	GlobalSection(SolutionConfigurationPlatforms) = preSolution
		Debug|Any CPU = Debug|Any CPU
		Release|Any CPU = Release|Any CPU
	EndGlobalSection
	GlobalSection(ProjectConfigurationPlatforms) = postSolution
		{49C0AE24-34C3-40FB-B5DC-F6AB48B38167}.Debug|Any CPU.ActiveCfg = Debug|Any CPU
		{49C0AE24-34C3-40FB-B5DC-F6AB48B38167}.Debug|Any CPU.Build.0 = Debug|Any CPU
		{49C0AE24-34C3-40FB-B5DC-F6AB48B38167}.Release|Any CPU.ActiveCfg = Release|Any CPU
		{49C0AE24-34C3-40FB-B5DC-F6AB48B38167}.Release|Any CPU.Build.0 = Release|Any CPU
	EndGlobalSection
	GlobalSection(SolutionProperties) = preSolution
		HideSolutionNode = FALSE
	EndGlobalSection
	GlobalSection(ExtensibilityGlobals) = postSolution
		SolutionGuid = {2BBC3184-C57A-4FA0-91CD-7B35700D523A}
	EndGlobalSection
EndGlobal
